// !$*UTF8*$!
{
	archiveVersion = 1;
	classes = {
	};
	objectVersion = 56;
	objects = {

/* Begin PBXBuildFile section */
		B624F1162D7C0B9F0046BA13 /* FirebaseFirestore in Frameworks */ = {isa = PBXBuildFile; productRef = B624F1152D7C0B9F0046BA13 /* FirebaseFirestore */; };
		B624F11F2D7C0E250046BA13 /* FirestoreDatasource.swift in Sources */ = {isa = PBXBuildFile; fileRef = B624F11E2D7C0E250046BA13 /* FirestoreDatasource.swift */; };
		B624F1212D7FEE030046BA13 /* Notification.Name.swift in Sources */ = {isa = PBXBuildFile; fileRef = B624F1202D7FEE030046BA13 /* Notification.Name.swift */; };
		B624F1262D88F8E80046BA13 /* AddColaboradorView.swift in Sources */ = {isa = PBXBuildFile; fileRef = B624F1252D88F8E80046BA13 /* AddColaboradorView.swift */; };
		B624F12A2D88F9A70046BA13 /* DatePickerRow.swift in Sources */ = {isa = PBXBuildFile; fileRef = B624F1292D88F9A70046BA13 /* DatePickerRow.swift */; };
		B624F12C2D88F9E00046BA13 /* CustomCalendarView.swift in Sources */ = {isa = PBXBuildFile; fileRef = B624F12B2D88F9E00046BA13 /* CustomCalendarView.swift */; };
		B62616982D64716F00F38F85 /* EmployeesOnVacationView.swift in Sources */ = {isa = PBXBuildFile; fileRef = B62616972D64716F00F38F85 /* EmployeesOnVacationView.swift */; };
		B626169A2D6472BE00F38F85 /* AdministracionColaboradoresView.swift in Sources */ = {isa = PBXBuildFile; fileRef = B62616992D6472BE00F38F85 /* AdministracionColaboradoresView.swift */; };
		B626169C2D64748400F38F85 /* Color+Extensions.swift in Sources */ = {isa = PBXBuildFile; fileRef = B626169B2D64748400F38F85 /* Color+Extensions.swift */; };
		B68239F92D4A01A90064A6A9 /* FirebaseAnalytics in Frameworks */ = {isa = PBXBuildFile; productRef = B68239F82D4A01A90064A6A9 /* FirebaseAnalytics */; };
		B68239FB2D4A01A90064A6A9 /* FirebaseAnalyticsOnDeviceConversion in Frameworks */ = {isa = PBXBuildFile; productRef = B68239FA2D4A01A90064A6A9 /* FirebaseAnalyticsOnDeviceConversion */; };
		B68239FD2D4A024D0064A6A9 /* GoogleService-Info.plist in Resources */ = {isa = PBXBuildFile; fileRef = B68239FC2D4A024D0064A6A9 /* GoogleService-Info.plist */; };
		B68239FF2D4A09B30064A6A9 /* FirebaseAnalyticsWithoutAdIdSupport in Frameworks */ = {isa = PBXBuildFile; productRef = B68239FE2D4A09B30064A6A9 /* FirebaseAnalyticsWithoutAdIdSupport */; };
		B6823A012D5170930064A6A9 /* LoginEmailView.swift in Sources */ = {isa = PBXBuildFile; fileRef = B6823A002D5170930064A6A9 /* LoginEmailView.swift */; };
		B6823A032D5178790064A6A9 /* RegisterEmailView.swift in Sources */ = {isa = PBXBuildFile; fileRef = B6823A022D5178790064A6A9 /* RegisterEmailView.swift */; };
		B6823A052D5179150064A6A9 /* DismissView.swift in Sources */ = {isa = PBXBuildFile; fileRef = B6823A042D5179150064A6A9 /* DismissView.swift */; };
		B6823A082D51833A0064A6A9 /* FirebaseAuth in Frameworks */ = {isa = PBXBuildFile; productRef = B6823A072D51833A0064A6A9 /* FirebaseAuth */; };
		B6823A0B2D5184B90064A6A9 /* AuthenticationFirebaseDatasource.swift in Sources */ = {isa = PBXBuildFile; fileRef = B6823A0A2D5184B90064A6A9 /* AuthenticationFirebaseDatasource.swift */; };
		B6823A0D2D5188260064A6A9 /* AuthenticationRepository.swift in Sources */ = {isa = PBXBuildFile; fileRef = B6823A0C2D5188260064A6A9 /* AuthenticationRepository.swift */; };
		B6823A0F2D518B690064A6A9 /* AuthenticationViewModel.swift in Sources */ = {isa = PBXBuildFile; fileRef = B6823A0E2D518B690064A6A9 /* AuthenticationViewModel.swift */; };
		B6823A122D531E790064A6A9 /* Color+Hex.swift in Sources */ = {isa = PBXBuildFile; fileRef = B6823A112D531E790064A6A9 /* Color+Hex.swift */; };
		B6823A142D53329C0064A6A9 /* PasswordView.swift in Sources */ = {isa = PBXBuildFile; fileRef = B6823A132D53329C0064A6A9 /* PasswordView.swift */; };
		B6AD1A962D3730630078C1E6 /* GestorDeHorariosApp.swift in Sources */ = {isa = PBXBuildFile; fileRef = B6AD1A952D3730630078C1E6 /* GestorDeHorariosApp.swift */; };
		B6AD1A982D3730630078C1E6 /* ContentView.swift in Sources */ = {isa = PBXBuildFile; fileRef = B6AD1A972D3730630078C1E6 /* ContentView.swift */; };
		B6AD1A9A2D3730650078C1E6 /* Assets.xcassets in Resources */ = {isa = PBXBuildFile; fileRef = B6AD1A992D3730650078C1E6 /* Assets.xcassets */; };
		B6AD1A9D2D3730650078C1E6 /* Preview Assets.xcassets in Resources */ = {isa = PBXBuildFile; fileRef = B6AD1A9C2D3730650078C1E6 /* Preview Assets.xcassets */; };
		B6AD1A9F2D3730650078C1E6 /* Persistence.swift in Sources */ = {isa = PBXBuildFile; fileRef = B6AD1A9E2D3730650078C1E6 /* Persistence.swift */; };
		B6AD1AA22D3730650078C1E6 /* GestorDeHorarios.xcdatamodeld in Sources */ = {isa = PBXBuildFile; fileRef = B6AD1AA02D3730650078C1E6 /* GestorDeHorarios.xcdatamodeld */; };
		B6AD1ACC2D374E290078C1E6 /* CoreDataManager.swift in Sources */ = {isa = PBXBuildFile; fileRef = B6AD1ACB2D374E290078C1E6 /* CoreDataManager.swift */; };
		B6AD1ACE2D374F520078C1E6 /* AddHorarioView.swift in Sources */ = {isa = PBXBuildFile; fileRef = B6AD1ACD2D374F520078C1E6 /* AddHorarioView.swift */; };
		B6AD1AD02D374F760078C1E6 /* AgendarVacacionesView.swift in Sources */ = {isa = PBXBuildFile; fileRef = B6AD1ACF2D374F760078C1E6 /* AgendarVacacionesView.swift */; };
		B6AD1AD62D375BA90078C1E6 /* Date+Extension.swift in Sources */ = {isa = PBXBuildFile; fileRef = B6AD1AD52D375BA90078C1E6 /* Date+Extension.swift */; };
		B6AD1AD92D37648A0078C1E6 /* LaunchScreenView.swift in Sources */ = {isa = PBXBuildFile; fileRef = B6AD1AD82D37648A0078C1E6 /* LaunchScreenView.swift */; };
		B6AD1ADF2D3EB2F70078C1E6 /* EditHorarioView.swift in Sources */ = {isa = PBXBuildFile; fileRef = B6AD1ADE2D3EB2F70078C1E6 /* EditHorarioView.swift */; };
/* End PBXBuildFile section */

/* Begin PBXFileReference section */
		B624F11E2D7C0E250046BA13 /* FirestoreDatasource.swift */ = {isa = PBXFileReference; lastKnownFileType = sourcecode.swift; path = FirestoreDatasource.swift; sourceTree = "<group>"; };
		B624F1202D7FEE030046BA13 /* Notification.Name.swift */ = {isa = PBXFileReference; lastKnownFileType = sourcecode.swift; path = Notification.Name.swift; sourceTree = "<group>"; };
		B624F1252D88F8E80046BA13 /* AddColaboradorView.swift */ = {isa = PBXFileReference; lastKnownFileType = sourcecode.swift; path = AddColaboradorView.swift; sourceTree = "<group>"; };
		B624F1292D88F9A70046BA13 /* DatePickerRow.swift */ = {isa = PBXFileReference; lastKnownFileType = sourcecode.swift; path = DatePickerRow.swift; sourceTree = "<group>"; };
		B624F12B2D88F9E00046BA13 /* CustomCalendarView.swift */ = {isa = PBXFileReference; lastKnownFileType = sourcecode.swift; path = CustomCalendarView.swift; sourceTree = "<group>"; };
		B62616972D64716F00F38F85 /* EmployeesOnVacationView.swift */ = {isa = PBXFileReference; lastKnownFileType = sourcecode.swift; path = EmployeesOnVacationView.swift; sourceTree = "<group>"; };
		B62616992D6472BE00F38F85 /* AdministracionColaboradoresView.swift */ = {isa = PBXFileReference; lastKnownFileType = sourcecode.swift; path = AdministracionColaboradoresView.swift; sourceTree = "<group>"; };
		B626169B2D64748400F38F85 /* Color+Extensions.swift */ = {isa = PBXFileReference; lastKnownFileType = sourcecode.swift; path = "Color+Extensions.swift"; sourceTree = "<group>"; };
		B68239FC2D4A024D0064A6A9 /* GoogleService-Info.plist */ = {isa = PBXFileReference; fileEncoding = 4; lastKnownFileType = text.plist.xml; path = "GoogleService-Info.plist"; sourceTree = "<group>"; };
		B6823A002D5170930064A6A9 /* LoginEmailView.swift */ = {isa = PBXFileReference; lastKnownFileType = sourcecode.swift; path = LoginEmailView.swift; sourceTree = "<group>"; };
		B6823A022D5178790064A6A9 /* RegisterEmailView.swift */ = {isa = PBXFileReference; lastKnownFileType = sourcecode.swift; path = RegisterEmailView.swift; sourceTree = "<group>"; };
		B6823A042D5179150064A6A9 /* DismissView.swift */ = {isa = PBXFileReference; lastKnownFileType = sourcecode.swift; path = DismissView.swift; sourceTree = "<group>"; };
		B6823A0A2D5184B90064A6A9 /* AuthenticationFirebaseDatasource.swift */ = {isa = PBXFileReference; lastKnownFileType = sourcecode.swift; path = AuthenticationFirebaseDatasource.swift; sourceTree = "<group>"; };
		B6823A0C2D5188260064A6A9 /* AuthenticationRepository.swift */ = {isa = PBXFileReference; lastKnownFileType = sourcecode.swift; path = AuthenticationRepository.swift; sourceTree = "<group>"; };
		B6823A0E2D518B690064A6A9 /* AuthenticationViewModel.swift */ = {isa = PBXFileReference; lastKnownFileType = sourcecode.swift; path = AuthenticationViewModel.swift; sourceTree = "<group>"; };
		B6823A112D531E790064A6A9 /* Color+Hex.swift */ = {isa = PBXFileReference; lastKnownFileType = sourcecode.swift; path = "Color+Hex.swift"; sourceTree = "<group>"; };
		B6823A132D53329C0064A6A9 /* PasswordView.swift */ = {isa = PBXFileReference; lastKnownFileType = sourcecode.swift; path = PasswordView.swift; sourceTree = "<group>"; };
		B6AD1A922D3730630078C1E6 /* GestorDeHorarios.app */ = {isa = PBXFileReference; explicitFileType = wrapper.application; includeInIndex = 0; path = GestorDeHorarios.app; sourceTree = BUILT_PRODUCTS_DIR; };
		B6AD1A952D3730630078C1E6 /* GestorDeHorariosApp.swift */ = {isa = PBXFileReference; lastKnownFileType = sourcecode.swift; path = GestorDeHorariosApp.swift; sourceTree = "<group>"; };
		B6AD1A972D3730630078C1E6 /* ContentView.swift */ = {isa = PBXFileReference; explicitFileType = sourcecode.swift; path = ContentView.swift; sourceTree = "<group>"; };
		B6AD1A992D3730650078C1E6 /* Assets.xcassets */ = {isa = PBXFileReference; lastKnownFileType = folder.assetcatalog; path = Assets.xcassets; sourceTree = "<group>"; };
		B6AD1A9C2D3730650078C1E6 /* Preview Assets.xcassets */ = {isa = PBXFileReference; lastKnownFileType = folder.assetcatalog; path = "Preview Assets.xcassets"; sourceTree = "<group>"; };
		B6AD1A9E2D3730650078C1E6 /* Persistence.swift */ = {isa = PBXFileReference; lastKnownFileType = sourcecode.swift; path = Persistence.swift; sourceTree = "<group>"; };
		B6AD1AA12D3730650078C1E6 /* GestorDeHorarios.xcdatamodel */ = {isa = PBXFileReference; lastKnownFileType = wrapper.xcdatamodel; path = GestorDeHorarios.xcdatamodel; sourceTree = "<group>"; };
		B6AD1ACB2D374E290078C1E6 /* CoreDataManager.swift */ = {isa = PBXFileReference; lastKnownFileType = sourcecode.swift; path = CoreDataManager.swift; sourceTree = "<group>"; };
		B6AD1ACD2D374F520078C1E6 /* AddHorarioView.swift */ = {isa = PBXFileReference; lastKnownFileType = sourcecode.swift; path = AddHorarioView.swift; sourceTree = "<group>"; };
		B6AD1ACF2D374F760078C1E6 /* AgendarVacacionesView.swift */ = {isa = PBXFileReference; lastKnownFileType = sourcecode.swift; path = AgendarVacacionesView.swift; sourceTree = "<group>"; };
		B6AD1AD52D375BA90078C1E6 /* Date+Extension.swift */ = {isa = PBXFileReference; lastKnownFileType = sourcecode.swift; path = "Date+Extension.swift"; sourceTree = "<group>"; };
		B6AD1AD82D37648A0078C1E6 /* LaunchScreenView.swift */ = {isa = PBXFileReference; lastKnownFileType = sourcecode.swift; path = LaunchScreenView.swift; sourceTree = "<group>"; };
		B6AD1ADE2D3EB2F70078C1E6 /* EditHorarioView.swift */ = {isa = PBXFileReference; lastKnownFileType = sourcecode.swift; path = EditHorarioView.swift; sourceTree = "<group>"; };
/* End PBXFileReference section */

/* Begin PBXFrameworksBuildPhase section */
		B6AD1A8F2D3730630078C1E6 /* Frameworks */ = {
			isa = PBXFrameworksBuildPhase;
			buildActionMask = 2147483647;
			files = (
				B68239F92D4A01A90064A6A9 /* FirebaseAnalytics in Frameworks */,
				B68239FF2D4A09B30064A6A9 /* FirebaseAnalyticsWithoutAdIdSupport in Frameworks */,
				B68239FB2D4A01A90064A6A9 /* FirebaseAnalyticsOnDeviceConversion in Frameworks */,
				B624F1162D7C0B9F0046BA13 /* FirebaseFirestore in Frameworks */,
				B6823A082D51833A0064A6A9 /* FirebaseAuth in Frameworks */,
			);
			runOnlyForDeploymentPostprocessing = 0;
		};
/* End PBXFrameworksBuildPhase section */

/* Begin PBXGroup section */
		B624F1222D88F6C90046BA13 /* Firebase */ = {
			isa = PBXGroup;
			children = (
				B6823A0E2D518B690064A6A9 /* AuthenticationViewModel.swift */,
				B6823A0C2D5188260064A6A9 /* AuthenticationRepository.swift */,
				B6823A0A2D5184B90064A6A9 /* AuthenticationFirebaseDatasource.swift */,
				B624F11E2D7C0E250046BA13 /* FirestoreDatasource.swift */,
			);
			path = Firebase;
			sourceTree = "<group>";
		};
		B624F1232D88F7BF0046BA13 /* PrincipalViews */ = {
			isa = PBXGroup;
			children = (
				B6AD1A972D3730630078C1E6 /* ContentView.swift */,
				B6AD1ADE2D3EB2F70078C1E6 /* EditHorarioView.swift */,
				B624F1282D88F98D0046BA13 /* AddViews */,
				B624F1272D88F9520046BA13 /* AdminView */,
				B624F1242D88F86D0046BA13 /* VacationsView */,
			);
			path = PrincipalViews;
			sourceTree = "<group>";
		};
		B624F1242D88F86D0046BA13 /* VacationsView */ = {
			isa = PBXGroup;
			children = (
				B6AD1ACF2D374F760078C1E6 /* AgendarVacacionesView.swift */,
				B62616972D64716F00F38F85 /* EmployeesOnVacationView.swift */,
				B624F12D2D89327C0046BA13 /* ExtensionsVacations */,
			);
			path = VacationsView;
			sourceTree = "<group>";
		};
		B624F1272D88F9520046BA13 /* AdminView */ = {
			isa = PBXGroup;
			children = (
				B62616992D6472BE00F38F85 /* AdministracionColaboradoresView.swift */,
				B624F1252D88F8E80046BA13 /* AddColaboradorView.swift */,
			);
			path = AdminView;
			sourceTree = "<group>";
		};
		B624F1282D88F98D0046BA13 /* AddViews */ = {
			isa = PBXGroup;
			children = (
				B6AD1ACD2D374F520078C1E6 /* AddHorarioView.swift */,
				B624F12B2D88F9E00046BA13 /* CustomCalendarView.swift */,
				B624F1292D88F9A70046BA13 /* DatePickerRow.swift */,
			);
			path = AddViews;
			sourceTree = "<group>";
		};
		B624F12D2D89327C0046BA13 /* ExtensionsVacations */ = {
			isa = PBXGroup;
			children = (
				B624F1202D7FEE030046BA13 /* Notification.Name.swift */,
				B6AD1AD52D375BA90078C1E6 /* Date+Extension.swift */,
				B626169B2D64748400F38F85 /* Color+Extensions.swift */,
			);
			path = ExtensionsVacations;
			sourceTree = "<group>";
		};
		B6823A062D51833A0064A6A9 /* Frameworks */ = {
			isa = PBXGroup;
			children = (
			);
			name = Frameworks;
			sourceTree = "<group>";
		};
		B6823A092D51839C0064A6A9 /* AutheticationViews */ = {
			isa = PBXGroup;
			children = (
				B6AD1AD82D37648A0078C1E6 /* LaunchScreenView.swift */,
				B6823A022D5178790064A6A9 /* RegisterEmailView.swift */,
				B6823A002D5170930064A6A9 /* LoginEmailView.swift */,
				B6823A102D531E460064A6A9 /* ExtensionsLauch */,
			);
			path = AutheticationViews;
			sourceTree = "<group>";
		};
		B6823A102D531E460064A6A9 /* ExtensionsLauch */ = {
			isa = PBXGroup;
			children = (
				B6823A112D531E790064A6A9 /* Color+Hex.swift */,
				B6823A042D5179150064A6A9 /* DismissView.swift */,
				B6823A132D53329C0064A6A9 /* PasswordView.swift */,
			);
			path = ExtensionsLauch;
			sourceTree = "<group>";
		};
		B6AD1A892D3730630078C1E6 = {
			isa = PBXGroup;
			children = (
				B6AD1A942D3730630078C1E6 /* GestorDeHorarios */,
				B6AD1A932D3730630078C1E6 /* Products */,
				B6823A062D51833A0064A6A9 /* Frameworks */,
			);
			sourceTree = "<group>";
		};
		B6AD1A932D3730630078C1E6 /* Products */ = {
			isa = PBXGroup;
			children = (
				B6AD1A922D3730630078C1E6 /* GestorDeHorarios.app */,
			);
			name = Products;
			sourceTree = "<group>";
		};
		B6AD1A942D3730630078C1E6 /* GestorDeHorarios */ = {
			isa = PBXGroup;
			children = (
				B6AD1A952D3730630078C1E6 /* GestorDeHorariosApp.swift */,
				B6823A092D51839C0064A6A9 /* AutheticationViews */,
				B624F1232D88F7BF0046BA13 /* PrincipalViews */,
				B68239FC2D4A024D0064A6A9 /* GoogleService-Info.plist */,
				B6AD1A992D3730650078C1E6 /* Assets.xcassets */,
				B6AD1A9E2D3730650078C1E6 /* Persistence.swift */,
				B6AD1ACB2D374E290078C1E6 /* CoreDataManager.swift */,
				B6AD1AA02D3730650078C1E6 /* GestorDeHorarios.xcdatamodeld */,
				B6AD1A9B2D3730650078C1E6 /* Preview Content */,
				B624F1222D88F6C90046BA13 /* Firebase */,
			);
			path = GestorDeHorarios;
			sourceTree = "<group>";
		};
		B6AD1A9B2D3730650078C1E6 /* Preview Content */ = {
			isa = PBXGroup;
			children = (
				B6AD1A9C2D3730650078C1E6 /* Preview Assets.xcassets */,
			);
			path = "Preview Content";
			sourceTree = "<group>";
		};
/* End PBXGroup section */

/* Begin PBXNativeTarget section */
		B6AD1A912D3730630078C1E6 /* GestorDeHorarios */ = {
			isa = PBXNativeTarget;
			buildConfigurationList = B6AD1ABB2D3730650078C1E6 /* Build configuration list for PBXNativeTarget "GestorDeHorarios" */;
			buildPhases = (
				B6AD1A8E2D3730630078C1E6 /* Sources */,
				B6AD1A8F2D3730630078C1E6 /* Frameworks */,
				B6AD1A902D3730630078C1E6 /* Resources */,
			);
			buildRules = (
			);
			dependencies = (
			);
			name = GestorDeHorarios;
			packageProductDependencies = (
				B68239F82D4A01A90064A6A9 /* FirebaseAnalytics */,
				B68239FA2D4A01A90064A6A9 /* FirebaseAnalyticsOnDeviceConversion */,
				B68239FE2D4A09B30064A6A9 /* FirebaseAnalyticsWithoutAdIdSupport */,
				B6823A072D51833A0064A6A9 /* FirebaseAuth */,
				B624F1152D7C0B9F0046BA13 /* FirebaseFirestore */,
			);
			productName = GestorDeHorarios;
			productReference = B6AD1A922D3730630078C1E6 /* GestorDeHorarios.app */;
			productType = "com.apple.product-type.application";
		};
/* End PBXNativeTarget section */

/* Begin PBXProject section */
		B6AD1A8A2D3730630078C1E6 /* Project object */ = {
			isa = PBXProject;
			attributes = {
				BuildIndependentTargetsInParallel = 1;
				LastSwiftUpdateCheck = 1540;
				LastUpgradeCheck = 1540;
				TargetAttributes = {
					B6AD1A912D3730630078C1E6 = {
						CreatedOnToolsVersion = 15.4;
					};
				};
			};
			buildConfigurationList = B6AD1A8D2D3730630078C1E6 /* Build configuration list for PBXProject "GestorDeHorarios" */;
			compatibilityVersion = "Xcode 14.0";
			developmentRegion = en;
			hasScannedForEncodings = 0;
			knownRegions = (
				en,
				Base,
			);
			mainGroup = B6AD1A892D3730630078C1E6;
			packageReferences = (
				B68239F72D4A01A90064A6A9 /* XCRemoteSwiftPackageReference "firebase-ios-sdk" */,
			);
			productRefGroup = B6AD1A932D3730630078C1E6 /* Products */;
			projectDirPath = "";
			projectRoot = "";
			targets = (
				B6AD1A912D3730630078C1E6 /* GestorDeHorarios */,
			);
		};
/* End PBXProject section */

/* Begin PBXResourcesBuildPhase section */
		B6AD1A902D3730630078C1E6 /* Resources */ = {
			isa = PBXResourcesBuildPhase;
			buildActionMask = 2147483647;
			files = (
				B6AD1A9D2D3730650078C1E6 /* Preview Assets.xcassets in Resources */,
				B6AD1A9A2D3730650078C1E6 /* Assets.xcassets in Resources */,
				B68239FD2D4A024D0064A6A9 /* GoogleService-Info.plist in Resources */,
			);
			runOnlyForDeploymentPostprocessing = 0;
		};
/* End PBXResourcesBuildPhase section */

/* Begin PBXSourcesBuildPhase section */
		B6AD1A8E2D3730630078C1E6 /* Sources */ = {
			isa = PBXSourcesBuildPhase;
			buildActionMask = 2147483647;
			files = (
				B6AD1A9F2D3730650078C1E6 /* Persistence.swift in Sources */,
				B6823A0B2D5184B90064A6A9 /* AuthenticationFirebaseDatasource.swift in Sources */,
				B62616982D64716F00F38F85 /* EmployeesOnVacationView.swift in Sources */,
				B6823A0F2D518B690064A6A9 /* AuthenticationViewModel.swift in Sources */,
				B6AD1AD02D374F760078C1E6 /* AgendarVacacionesView.swift in Sources */,
				B6AD1AA22D3730650078C1E6 /* GestorDeHorarios.xcdatamodeld in Sources */,
				B6AD1A982D3730630078C1E6 /* ContentView.swift in Sources */,
				B624F12C2D88F9E00046BA13 /* CustomCalendarView.swift in Sources */,
				B624F1262D88F8E80046BA13 /* AddColaboradorView.swift in Sources */,
				B6AD1ACE2D374F520078C1E6 /* AddHorarioView.swift in Sources */,
				B624F1212D7FEE030046BA13 /* Notification.Name.swift in Sources */,
				B624F11F2D7C0E250046BA13 /* FirestoreDatasource.swift in Sources */,
				B626169A2D6472BE00F38F85 /* AdministracionColaboradoresView.swift in Sources */,
				B626169C2D64748400F38F85 /* Color+Extensions.swift in Sources */,
				B6823A052D5179150064A6A9 /* DismissView.swift in Sources */,
				B6823A032D5178790064A6A9 /* RegisterEmailView.swift in Sources */,
				B6AD1AD92D37648A0078C1E6 /* LaunchScreenView.swift in Sources */,
				B6823A0D2D5188260064A6A9 /* AuthenticationRepository.swift in Sources */,
				B6AD1ACC2D374E290078C1E6 /* CoreDataManager.swift in Sources */,
				B6823A012D5170930064A6A9 /* LoginEmailView.swift in Sources */,
				B6823A142D53329C0064A6A9 /* PasswordView.swift in Sources */,
				B6AD1A962D3730630078C1E6 /* GestorDeHorariosApp.swift in Sources */,
				B6AD1ADF2D3EB2F70078C1E6 /* EditHorarioView.swift in Sources */,
				B624F12A2D88F9A70046BA13 /* DatePickerRow.swift in Sources */,
				B6AD1AD62D375BA90078C1E6 /* Date+Extension.swift in Sources */,
				B6823A122D531E790064A6A9 /* Color+Hex.swift in Sources */,
			);
			runOnlyForDeploymentPostprocessing = 0;
		};
/* End PBXSourcesBuildPhase section */

/* Begin XCBuildConfiguration section */
		B6AD1AB92D3730650078C1E6 /* Debug */ = {
			isa = XCBuildConfiguration;
			buildSettings = {
				ALWAYS_SEARCH_USER_PATHS = NO;
				ASSETCATALOG_COMPILER_GENERATE_SWIFT_ASSET_SYMBOL_EXTENSIONS = YES;
				CLANG_ANALYZER_NONNULL = YES;
				CLANG_ANALYZER_NUMBER_OBJECT_CONVERSION = YES_AGGRESSIVE;
				CLANG_CXX_LANGUAGE_STANDARD = "gnu++20";
				CLANG_ENABLE_MODULES = YES;
				CLANG_ENABLE_OBJC_ARC = YES;
				CLANG_ENABLE_OBJC_WEAK = YES;
				CLANG_WARN_BLOCK_CAPTURE_AUTORELEASING = YES;
				CLANG_WARN_BOOL_CONVERSION = YES;
				CLANG_WARN_COMMA = YES;
				CLANG_WARN_CONSTANT_CONVERSION = YES;
				CLANG_WARN_DEPRECATED_OBJC_IMPLEMENTATIONS = YES;
				CLANG_WARN_DIRECT_OBJC_ISA_USAGE = YES_ERROR;
				CLANG_WARN_DOCUMENTATION_COMMENTS = YES;
				CLANG_WARN_EMPTY_BODY = YES;
				CLANG_WARN_ENUM_CONVERSION = YES;
				CLANG_WARN_INFINITE_RECURSION = YES;
				CLANG_WARN_INT_CONVERSION = YES;
				CLANG_WARN_NON_LITERAL_NULL_CONVERSION = YES;
				CLANG_WARN_OBJC_IMPLICIT_RETAIN_SELF = YES;
				CLANG_WARN_OBJC_LITERAL_CONVERSION = YES;
				CLANG_WARN_OBJC_ROOT_CLASS = YES_ERROR;
				CLANG_WARN_QUOTED_INCLUDE_IN_FRAMEWORK_HEADER = YES;
				CLANG_WARN_RANGE_LOOP_ANALYSIS = YES;
				CLANG_WARN_STRICT_PROTOTYPES = YES;
				CLANG_WARN_SUSPICIOUS_MOVE = YES;
				CLANG_WARN_UNGUARDED_AVAILABILITY = YES_AGGRESSIVE;
				CLANG_WARN_UNREACHABLE_CODE = YES;
				CLANG_WARN__DUPLICATE_METHOD_MATCH = YES;
				COPY_PHASE_STRIP = NO;
				DEBUG_INFORMATION_FORMAT = dwarf;
				ENABLE_STRICT_OBJC_MSGSEND = YES;
				ENABLE_TESTABILITY = YES;
				ENABLE_USER_SCRIPT_SANDBOXING = YES;
				GCC_C_LANGUAGE_STANDARD = gnu17;
				GCC_DYNAMIC_NO_PIC = NO;
				GCC_NO_COMMON_BLOCKS = YES;
				GCC_OPTIMIZATION_LEVEL = 0;
				GCC_PREPROCESSOR_DEFINITIONS = (
					"DEBUG=1",
					"$(inherited)",
				);
				GCC_WARN_64_TO_32_BIT_CONVERSION = YES;
				GCC_WARN_ABOUT_RETURN_TYPE = YES_ERROR;
				GCC_WARN_UNDECLARED_SELECTOR = YES;
				GCC_WARN_UNINITIALIZED_AUTOS = YES_AGGRESSIVE;
				GCC_WARN_UNUSED_FUNCTION = YES;
				GCC_WARN_UNUSED_VARIABLE = YES;
				IPHONEOS_DEPLOYMENT_TARGET = 17.5;
				LOCALIZATION_PREFERS_STRING_CATALOGS = YES;
				MTL_ENABLE_DEBUG_INFO = INCLUDE_SOURCE;
				MTL_FAST_MATH = YES;
				ONLY_ACTIVE_ARCH = YES;
				SDKROOT = iphoneos;
				SWIFT_ACTIVE_COMPILATION_CONDITIONS = "DEBUG $(inherited)";
				SWIFT_OPTIMIZATION_LEVEL = "-Onone";
			};
			name = Debug;
		};
		B6AD1ABA2D3730650078C1E6 /* Release */ = {
			isa = XCBuildConfiguration;
			buildSettings = {
				ALWAYS_SEARCH_USER_PATHS = NO;
				ASSETCATALOG_COMPILER_GENERATE_SWIFT_ASSET_SYMBOL_EXTENSIONS = YES;
				CLANG_ANALYZER_NONNULL = YES;
				CLANG_ANALYZER_NUMBER_OBJECT_CONVERSION = YES_AGGRESSIVE;
				CLANG_CXX_LANGUAGE_STANDARD = "gnu++20";
				CLANG_ENABLE_MODULES = YES;
				CLANG_ENABLE_OBJC_ARC = YES;
				CLANG_ENABLE_OBJC_WEAK = YES;
				CLANG_WARN_BLOCK_CAPTURE_AUTORELEASING = YES;
				CLANG_WARN_BOOL_CONVERSION = YES;
				CLANG_WARN_COMMA = YES;
				CLANG_WARN_CONSTANT_CONVERSION = YES;
				CLANG_WARN_DEPRECATED_OBJC_IMPLEMENTATIONS = YES;
				CLANG_WARN_DIRECT_OBJC_ISA_USAGE = YES_ERROR;
				CLANG_WARN_DOCUMENTATION_COMMENTS = YES;
				CLANG_WARN_EMPTY_BODY = YES;
				CLANG_WARN_ENUM_CONVERSION = YES;
				CLANG_WARN_INFINITE_RECURSION = YES;
				CLANG_WARN_INT_CONVERSION = YES;
				CLANG_WARN_NON_LITERAL_NULL_CONVERSION = YES;
				CLANG_WARN_OBJC_IMPLICIT_RETAIN_SELF = YES;
				CLANG_WARN_OBJC_LITERAL_CONVERSION = YES;
				CLANG_WARN_OBJC_ROOT_CLASS = YES_ERROR;
				CLANG_WARN_QUOTED_INCLUDE_IN_FRAMEWORK_HEADER = YES;
				CLANG_WARN_RANGE_LOOP_ANALYSIS = YES;
				CLANG_WARN_STRICT_PROTOTYPES = YES;
				CLANG_WARN_SUSPICIOUS_MOVE = YES;
				CLANG_WARN_UNGUARDED_AVAILABILITY = YES_AGGRESSIVE;
				CLANG_WARN_UNREACHABLE_CODE = YES;
				CLANG_WARN__DUPLICATE_METHOD_MATCH = YES;
				COPY_PHASE_STRIP = NO;
				DEBUG_INFORMATION_FORMAT = "dwarf-with-dsym";
				ENABLE_NS_ASSERTIONS = NO;
				ENABLE_STRICT_OBJC_MSGSEND = YES;
				ENABLE_USER_SCRIPT_SANDBOXING = YES;
				GCC_C_LANGUAGE_STANDARD = gnu17;
				GCC_NO_COMMON_BLOCKS = YES;
				GCC_WARN_64_TO_32_BIT_CONVERSION = YES;
				GCC_WARN_ABOUT_RETURN_TYPE = YES_ERROR;
				GCC_WARN_UNDECLARED_SELECTOR = YES;
				GCC_WARN_UNINITIALIZED_AUTOS = YES_AGGRESSIVE;
				GCC_WARN_UNUSED_FUNCTION = YES;
				GCC_WARN_UNUSED_VARIABLE = YES;
				IPHONEOS_DEPLOYMENT_TARGET = 17.5;
				LOCALIZATION_PREFERS_STRING_CATALOGS = YES;
				MTL_ENABLE_DEBUG_INFO = NO;
				MTL_FAST_MATH = YES;
				SDKROOT = iphoneos;
				SWIFT_COMPILATION_MODE = wholemodule;
				VALIDATE_PRODUCT = YES;
			};
			name = Release;
		};
		B6AD1ABC2D3730650078C1E6 /* Debug */ = {
			isa = XCBuildConfiguration;
			buildSettings = {
				ASSETCATALOG_COMPILER_APPICON_NAME = AppIcon;
				ASSETCATALOG_COMPILER_GLOBAL_ACCENT_COLOR_NAME = AccentColor;
				CODE_SIGN_STYLE = Automatic;
				CURRENT_PROJECT_VERSION = 1;
				DEVELOPMENT_ASSET_PATHS = "\"GestorDeHorarios/Preview Content\"";
				DEVELOPMENT_TEAM = YWTLJ348P7;
				ENABLE_PREVIEWS = YES;
				GENERATE_INFOPLIST_FILE = YES;
				INFOPLIST_KEY_UIApplicationSceneManifest_Generation = YES;
				INFOPLIST_KEY_UIApplicationSupportsIndirectInputEvents = YES;
				INFOPLIST_KEY_UILaunchScreen_Generation = YES;
				INFOPLIST_KEY_UISupportedInterfaceOrientations_iPad = "UIInterfaceOrientationPortrait UIInterfaceOrientationPortraitUpsideDown UIInterfaceOrientationLandscapeLeft UIInterfaceOrientationLandscapeRight";
				INFOPLIST_KEY_UISupportedInterfaceOrientations_iPhone = "UIInterfaceOrientationPortrait UIInterfaceOrientationLandscapeLeft UIInterfaceOrientationLandscapeRight";
				LD_RUNPATH_SEARCH_PATHS = (
					"$(inherited)",
					"@executable_path/Frameworks",
				);
				MARKETING_VERSION = 1.0;
				PRODUCT_BUNDLE_IDENTIFIER = com.japh.GestorDeHorarios;
				PRODUCT_NAME = "$(TARGET_NAME)";
				SWIFT_EMIT_LOC_STRINGS = YES;
				SWIFT_VERSION = 5.0;
				TARGETED_DEVICE_FAMILY = "1,2";
			};
			name = Debug;
		};
		B6AD1ABD2D3730650078C1E6 /* Release */ = {
			isa = XCBuildConfiguration;
			buildSettings = {
				ASSETCATALOG_COMPILER_APPICON_NAME = AppIcon;
				ASSETCATALOG_COMPILER_GLOBAL_ACCENT_COLOR_NAME = AccentColor;
				CODE_SIGN_STYLE = Automatic;
				CURRENT_PROJECT_VERSION = 1;
				DEVELOPMENT_ASSET_PATHS = "\"GestorDeHorarios/Preview Content\"";
				DEVELOPMENT_TEAM = YWTLJ348P7;
				ENABLE_PREVIEWS = YES;
				GENERATE_INFOPLIST_FILE = YES;
				INFOPLIST_KEY_UIApplicationSceneManifest_Generation = YES;
				INFOPLIST_KEY_UIApplicationSupportsIndirectInputEvents = YES;
				INFOPLIST_KEY_UILaunchScreen_Generation = YES;
				INFOPLIST_KEY_UISupportedInterfaceOrientations_iPad = "UIInterfaceOrientationPortrait UIInterfaceOrientationPortraitUpsideDown UIInterfaceOrientationLandscapeLeft UIInterfaceOrientationLandscapeRight";
				INFOPLIST_KEY_UISupportedInterfaceOrientations_iPhone = "UIInterfaceOrientationPortrait UIInterfaceOrientationLandscapeLeft UIInterfaceOrientationLandscapeRight";
				LD_RUNPATH_SEARCH_PATHS = (
					"$(inherited)",
					"@executable_path/Frameworks",
				);
				MARKETING_VERSION = 1.0;
				PRODUCT_BUNDLE_IDENTIFIER = com.japh.GestorDeHorarios;
				PRODUCT_NAME = "$(TARGET_NAME)";
				SWIFT_EMIT_LOC_STRINGS = YES;
				SWIFT_VERSION = 5.0;
				TARGETED_DEVICE_FAMILY = "1,2";
			};
			name = Release;
		};
/* End XCBuildConfiguration section */

/* Begin XCConfigurationList section */
		B6AD1A8D2D3730630078C1E6 /* Build configuration list for PBXProject "GestorDeHorarios" */ = {
			isa = XCConfigurationList;
			buildConfigurations = (
				B6AD1AB92D3730650078C1E6 /* Debug */,
				B6AD1ABA2D3730650078C1E6 /* Release */,
			);
			defaultConfigurationIsVisible = 0;
			defaultConfigurationName = Release;
		};
		B6AD1ABB2D3730650078C1E6 /* Build configuration list for PBXNativeTarget "GestorDeHorarios" */ = {
			isa = XCConfigurationList;
			buildConfigurations = (
				B6AD1ABC2D3730650078C1E6 /* Debug */,
				B6AD1ABD2D3730650078C1E6 /* Release */,
			);
			defaultConfigurationIsVisible = 0;
			defaultConfigurationName = Release;
		};
/* End XCConfigurationList section */

/* Begin XCRemoteSwiftPackageReference section */
		B68239F72D4A01A90064A6A9 /* XCRemoteSwiftPackageReference "firebase-ios-sdk" */ = {
			isa = XCRemoteSwiftPackageReference;
			repositoryURL = "https://github.com/firebase/firebase-ios-sdk.git";
			requirement = {
				kind = upToNextMajorVersion;
				minimumVersion = 11.7.0;
			};
		};
/* End XCRemoteSwiftPackageReference section */

/* Begin XCSwiftPackageProductDependency section */
		B624F1152D7C0B9F0046BA13 /* FirebaseFirestore */ = {
			isa = XCSwiftPackageProductDependency;
			package = B68239F72D4A01A90064A6A9 /* XCRemoteSwiftPackageReference "firebase-ios-sdk" */;
			productName = FirebaseFirestore;
		};
		B68239F82D4A01A90064A6A9 /* FirebaseAnalytics */ = {
			isa = XCSwiftPackageProductDependency;
			package = B68239F72D4A01A90064A6A9 /* XCRemoteSwiftPackageReference "firebase-ios-sdk" */;
			productName = FirebaseAnalytics;
		};
		B68239FA2D4A01A90064A6A9 /* FirebaseAnalyticsOnDeviceConversion */ = {
			isa = XCSwiftPackageProductDependency;
			package = B68239F72D4A01A90064A6A9 /* XCRemoteSwiftPackageReference "firebase-ios-sdk" */;
			productName = FirebaseAnalyticsOnDeviceConversion;
		};
		B68239FE2D4A09B30064A6A9 /* FirebaseAnalyticsWithoutAdIdSupport */ = {
			isa = XCSwiftPackageProductDependency;
			package = B68239F72D4A01A90064A6A9 /* XCRemoteSwiftPackageReference "firebase-ios-sdk" */;
			productName = FirebaseAnalyticsWithoutAdIdSupport;
		};
		B6823A072D51833A0064A6A9 /* FirebaseAuth */ = {
			isa = XCSwiftPackageProductDependency;
			package = B68239F72D4A01A90064A6A9 /* XCRemoteSwiftPackageReference "firebase-ios-sdk" */;
			productName = FirebaseAuth;
		};
/* End XCSwiftPackageProductDependency section */

/* Begin XCVersionGroup section */
		B6AD1AA02D3730650078C1E6 /* GestorDeHorarios.xcdatamodeld */ = {
			isa = XCVersionGroup;
			children = (
				B6AD1AA12D3730650078C1E6 /* GestorDeHorarios.xcdatamodel */,
			);
			currentVersion = B6AD1AA12D3730650078C1E6 /* GestorDeHorarios.xcdatamodel */;
			path = GestorDeHorarios.xcdatamodeld;
			sourceTree = "<group>";
			versionGroupType = wrapper.xcdatamodel;
		};
/* End XCVersionGroup section */
	};
	rootObject = B6AD1A8A2D3730630078C1E6 /* Project object */;
}
